
Microsoft Visual Studio Solution File, Format Version 12.00
# Visual Studio Version 17
VisualStudioVersion = 17.1.32210.238
MinimumVisualStudioVersion = 10.0.40219.1
Project("{FAE04EC0-301F-11D3-BF4B-00C04F79EFBC}") = "Khamzat upgifter", "Khamzat upgifter\Khamzat upgifter.csproj", "{A81C6E44-504A-422E-A7B6-560B3430170D}"
EndProject
Global
	GlobalSection(SolutionConfigurationPlatforms) = preSolution
		Debug|Any CPU = Debug|Any CPU
		Release|Any CPU = Release|Any CPU
	EndGlobalSection
	GlobalSection(ProjectConfigurationPlatforms) = postSolution
		{A81C6E44-504A-422E-A7B6-560B3430170D}.Debug|Any CPU.ActiveCfg = Debug|Any CPU
		{A81C6E44-504A-422E-A7B6-560B3430170D}.Debug|Any CPU.Build.0 = Debug|Any CPU
		{A81C6E44-504A-422E-A7B6-560B3430170D}.Release|Any CPU.ActiveCfg = Release|Any CPU
		{A81C6E44-504A-422E-A7B6-560B3430170D}.Release|Any CPU.Build.0 = Release|Any CPU
	EndGlobalSection
	GlobalSection(SolutionProperties) = preSolution
		HideSolutionNode = FALSE
	EndGlobalSection
	GlobalSection(ExtensibilityGlobals) = postSolution
		SolutionGuid = {7ECCEA0D-36F3-41F1-8FD6-22DBA7680E38}
	EndGlobalSection
EndGlobal
